github.com/DreamBridgeNetwork/Go-Cybersource v0.0.0-20220910141331-417663fd597f h1:bVluknRzOIHAhm2yFyPcrM8d3j+IbxhM8Vr+NOGkB6w=
github.com/DreamBridgeNetwork/Go-Cybersource v0.0.0-20220910141331-417663fd597f/go.mod h1:/klmD6fgXxMgvXdKLAjPrq/p6m661ud93PC3k6j/8pc=
github.com/DreamBridgeNetwork/Go-Cybersource/pkg/rest/commons v0.0.0-20220910141331-417663fd597f h1:tBdUhhpSnmVxE4Gh4OfgtDs/9SmRy4cVY5EpgakjauQ=
github.com/DreamBridgeNetwork/Go-Cybersource/pkg/rest/commons v0.0.0-20220910141331-417663fd597f/go.mod h1:Ne1DvFU7632jDWblp6a5B+tOoZ4vDsMPqrvqh7ye5M8=
github.com/DreamBridgeNetwork/Go-Utils/pkg/digest v0.0.0-20220910134437-cf664b181694 h1:/pqJoaV6Q1SS2IJJk9owmCjp0/vei0eNGlzClnMnhtA=
github.com/DreamBridgeNetwork/Go-Utils/pkg/digest v0.0.0-20220910134437-cf664b181694/go.mod h1:KeSUYveRXvPrBXGNxnWdoXZ0lAL1Yt2aOZa2uvEzCVM=
golang.org/x/text v0.3.7 h1:olpwvP2KacW1ZWvsR7uQhoyTYvKAupfQrRGBFM352Gk=
golang.org/x/text v0.3.7/go.mod h1:u+2+/6zg+i71rQMx5EYifcz6MCKuco9NR6JIITiCfzQ=
