github.com/DreamBridgeNetwork/Go-Cybersource v0.0.0-20220910141331-417663fd597f h1:bVluknRzOIHAhm2yFyPcrM8d3j+IbxhM8Vr+NOGkB6w=
github.com/DreamBridgeNetwork/Go-Cybersource v0.0.0-20220910141331-417663fd597f/go.mod h1:/klmD6fgXxMgvXdKLAjPrq/p6m661ud93PC3k6j/8pc=
github.com/DreamBridgeNetwork/Go-Cybersource/pkg/rest/authentication v0.0.0-20220910145628-5c6f7a03b207 h1:s22cfx8IEJ5MTGvA8Tz5wkhYB/62+N0Gfdr9SZazSFI=
github.com/DreamBridgeNetwork/Go-Cybersource/pkg/rest/authentication v0.0.0-20220910145628-5c6f7a03b207/go.mod h1:V6ZtLSLAAsn8vd6soY2lbcu2qoWQIAtyg7jQL59s1Rc=
github.com/DreamBridgeNetwork/Go-Cybersource/pkg/rest/commons v0.0.0-20220910145628-5c6f7a03b207 h1:iRS6bukzb4M/3+8s2lB0gxiH4Oip6EIx4pF8n7tGo9s=
github.com/DreamBridgeNetwork/Go-Cybersource/pkg/rest/commons v0.0.0-20220910145628-5c6f7a03b207/go.mod h1:Ne1DvFU7632jDWblp6a5B+tOoZ4vDsMPqrvqh7ye5M8=
github.com/DreamBridgeNetwork/Go-Utils/pkg/digest v0.0.0-20220910134437-cf664b181694 h1:/pqJoaV6Q1SS2IJJk9owmCjp0/vei0eNGlzClnMnhtA=
github.com/DreamBridgeNetwork/Go-Utils/pkg/digest v0.0.0-20220910134437-cf664b181694/go.mod h1:KeSUYveRXvPrBXGNxnWdoXZ0lAL1Yt2aOZa2uvEzCVM=
github.com/DreamBridgeNetwork/Go-Utils/pkg/jsonfile v0.0.0-20220910143759-3aa963ee2768 h1:Mt7Y1cXMJPQ+NFVscrbTJ/QfXK7u0+JipXxXBM8EY4w=
github.com/DreamBridgeNetwork/Go-Utils/pkg/jsonfile v0.0.0-20220910143759-3aa963ee2768/go.mod h1:ZMq7MSII+zBr+pAFjfg/Dx20oZzWpv20rr2PWXA6djE=
golang.org/x/text v0.3.7 h1:olpwvP2KacW1ZWvsR7uQhoyTYvKAupfQrRGBFM352Gk=
golang.org/x/text v0.3.7/go.mod h1:u+2+/6zg+i71rQMx5EYifcz6MCKuco9NR6JIITiCfzQ=
