github.com/DreamBridgeNetwork/Go-Cybersource/pkg/rest/commons v0.0.0-20220910135610-707e615dc384 h1:2FrGUUQxSgEPm6WDp5Lj56vlsfrlRzf2ivf+5Fj/MeY=
github.com/DreamBridgeNetwork/Go-Cybersource/pkg/rest/commons v0.0.0-20220910135610-707e615dc384/go.mod h1:Ne1DvFU7632jDWblp6a5B+tOoZ4vDsMPqrvqh7ye5M8=
github.com/DreamBridgeNetwork/Go-Utils/pkg/jsonfile v0.0.0-20220910134437-cf664b181694 h1:yorNib4jB3wSeR532l8wOlnS7BTWc+l/RGPUFOoEsbA=
github.com/DreamBridgeNetwork/Go-Utils/pkg/jsonfile v0.0.0-20220910134437-cf664b181694/go.mod h1:ZMq7MSII+zBr+pAFjfg/Dx20oZzWpv20rr2PWXA6djE=
